
Microsoft Visual Studio Solution File, Format Version 11.00
# Visual Studio 2010
Project("{FAE04EC0-301F-11D3-BF4B-00C04F79EFBC}") = "AK.Windows.Controls", "AK.Windows.Controls\AK.Windows.Controls.csproj", "{CCF2BAC5-9178-4AD3-9867-93EA6B5312DF}"
EndProject
Project("{FAE04EC0-301F-11D3-BF4B-00C04F79EFBC}") = "WindowsControlsTest", "WindowsControlsTest\WindowsControlsTest.csproj", "{1DAB0AF8-6076-4A59-9CC9-F0CEE93695AD}"
EndProject
Project("{2150E333-8FDC-42A3-9474-1A3956D46DE8}") = "Tests", "Tests", "{2348AEC8-1CB9-4AFE-91F3-8A75C4603A6B}"
EndProject
Project("{FAE04EC0-301F-11D3-BF4B-00C04F79EFBC}") = "AK.Essentials.Tests", "AK.Essentials.Tests\AK.Essentials.Tests.csproj", "{6158CF65-792D-42C6-9384-09809FCD6EAC}"
EndProject
Project("{2150E333-8FDC-42A3-9474-1A3956D46DE8}") = "Solution Items", "Solution Items", "{4A40EA37-B7C7-44D8-A404-F6CB7F8AB0D8}"
	ProjectSection(SolutionItems) = preProject
		AK.Library.vsmdi = AK.Library.vsmdi
		Local.testsettings = Local.testsettings
		TraceAndTestImpact.testsettings = TraceAndTestImpact.testsettings
	EndProjectSection
EndProject
Project("{FAE04EC0-301F-11D3-BF4B-00C04F79EFBC}") = "AK.IO", "AK.IO\AK.IO.csproj", "{9893FE6E-4240-48A7-86F9-4666EB6A4BCF}"
EndProject
Project("{FAE04EC0-301F-11D3-BF4B-00C04F79EFBC}") = "AK.Toolbox", "AK.Toolbox\AK.Toolbox.csproj", "{53335788-056F-4ABB-AA2F-45CE86700B43}"
EndProject
Project("{FAE04EC0-301F-11D3-BF4B-00C04F79EFBC}") = "AK.Essentials", "AK.Essentials\AK.Essentials.csproj", "{42875E48-35A8-4ADE-BB2C-897A6BBEF32C}"
EndProject
Project("{FAE04EC0-301F-11D3-BF4B-00C04F79EFBC}") = "AK.Maths", "AK.Maths\AK.Maths.csproj", "{C512E98E-280B-4DC5-BA81-42915F09C017}"
EndProject
Global
	GlobalSection(TestCaseManagementSettings) = postSolution
		CategoryFile = AK.Library.vsmdi
	EndGlobalSection
	GlobalSection(SolutionConfigurationPlatforms) = preSolution
		Debug|Any CPU = Debug|Any CPU
		Debug|Mixed Platforms = Debug|Mixed Platforms
		Debug|x86 = Debug|x86
		Release|Any CPU = Release|Any CPU
		Release|Mixed Platforms = Release|Mixed Platforms
		Release|x86 = Release|x86
	EndGlobalSection
	GlobalSection(ProjectConfigurationPlatforms) = postSolution
		{CCF2BAC5-9178-4AD3-9867-93EA6B5312DF}.Debug|Any CPU.ActiveCfg = Debug|Any CPU
		{CCF2BAC5-9178-4AD3-9867-93EA6B5312DF}.Debug|Any CPU.Build.0 = Debug|Any CPU
		{CCF2BAC5-9178-4AD3-9867-93EA6B5312DF}.Debug|Mixed Platforms.ActiveCfg = Debug|Any CPU
		{CCF2BAC5-9178-4AD3-9867-93EA6B5312DF}.Debug|Mixed Platforms.Build.0 = Debug|Any CPU
		{CCF2BAC5-9178-4AD3-9867-93EA6B5312DF}.Debug|x86.ActiveCfg = Debug|Any CPU
		{CCF2BAC5-9178-4AD3-9867-93EA6B5312DF}.Release|Any CPU.ActiveCfg = Release|Any CPU
		{CCF2BAC5-9178-4AD3-9867-93EA6B5312DF}.Release|Any CPU.Build.0 = Release|Any CPU
		{CCF2BAC5-9178-4AD3-9867-93EA6B5312DF}.Release|Mixed Platforms.ActiveCfg = Release|Any CPU
		{CCF2BAC5-9178-4AD3-9867-93EA6B5312DF}.Release|Mixed Platforms.Build.0 = Release|Any CPU
		{CCF2BAC5-9178-4AD3-9867-93EA6B5312DF}.Release|x86.ActiveCfg = Release|Any CPU
		{1DAB0AF8-6076-4A59-9CC9-F0CEE93695AD}.Debug|Any CPU.ActiveCfg = Debug|x86
		{1DAB0AF8-6076-4A59-9CC9-F0CEE93695AD}.Debug|Mixed Platforms.ActiveCfg = Debug|x86
		{1DAB0AF8-6076-4A59-9CC9-F0CEE93695AD}.Debug|Mixed Platforms.Build.0 = Debug|x86
		{1DAB0AF8-6076-4A59-9CC9-F0CEE93695AD}.Debug|x86.ActiveCfg = Debug|x86
		{1DAB0AF8-6076-4A59-9CC9-F0CEE93695AD}.Debug|x86.Build.0 = Debug|x86
		{1DAB0AF8-6076-4A59-9CC9-F0CEE93695AD}.Release|Any CPU.ActiveCfg = Release|x86
		{1DAB0AF8-6076-4A59-9CC9-F0CEE93695AD}.Release|Mixed Platforms.ActiveCfg = Release|x86
		{1DAB0AF8-6076-4A59-9CC9-F0CEE93695AD}.Release|Mixed Platforms.Build.0 = Release|x86
		{1DAB0AF8-6076-4A59-9CC9-F0CEE93695AD}.Release|x86.ActiveCfg = Release|x86
		{1DAB0AF8-6076-4A59-9CC9-F0CEE93695AD}.Release|x86.Build.0 = Release|x86
		{6158CF65-792D-42C6-9384-09809FCD6EAC}.Debug|Any CPU.ActiveCfg = Debug|Any CPU
		{6158CF65-792D-42C6-9384-09809FCD6EAC}.Debug|Any CPU.Build.0 = Debug|Any CPU
		{6158CF65-792D-42C6-9384-09809FCD6EAC}.Debug|Mixed Platforms.ActiveCfg = Debug|Any CPU
		{6158CF65-792D-42C6-9384-09809FCD6EAC}.Debug|Mixed Platforms.Build.0 = Debug|Any CPU
		{6158CF65-792D-42C6-9384-09809FCD6EAC}.Debug|x86.ActiveCfg = Debug|Any CPU
		{6158CF65-792D-42C6-9384-09809FCD6EAC}.Release|Any CPU.ActiveCfg = Release|Any CPU
		{6158CF65-792D-42C6-9384-09809FCD6EAC}.Release|Any CPU.Build.0 = Release|Any CPU
		{6158CF65-792D-42C6-9384-09809FCD6EAC}.Release|Mixed Platforms.ActiveCfg = Release|Any CPU
		{6158CF65-792D-42C6-9384-09809FCD6EAC}.Release|Mixed Platforms.Build.0 = Release|Any CPU
		{6158CF65-792D-42C6-9384-09809FCD6EAC}.Release|x86.ActiveCfg = Release|Any CPU
		{9893FE6E-4240-48A7-86F9-4666EB6A4BCF}.Debug|Any CPU.ActiveCfg = Debug|Any CPU
		{9893FE6E-4240-48A7-86F9-4666EB6A4BCF}.Debug|Any CPU.Build.0 = Debug|Any CPU
		{9893FE6E-4240-48A7-86F9-4666EB6A4BCF}.Debug|Mixed Platforms.ActiveCfg = Debug|Any CPU
		{9893FE6E-4240-48A7-86F9-4666EB6A4BCF}.Debug|Mixed Platforms.Build.0 = Debug|Any CPU
		{9893FE6E-4240-48A7-86F9-4666EB6A4BCF}.Debug|x86.ActiveCfg = Debug|Any CPU
		{9893FE6E-4240-48A7-86F9-4666EB6A4BCF}.Release|Any CPU.ActiveCfg = Release|Any CPU
		{9893FE6E-4240-48A7-86F9-4666EB6A4BCF}.Release|Any CPU.Build.0 = Release|Any CPU
		{9893FE6E-4240-48A7-86F9-4666EB6A4BCF}.Release|Mixed Platforms.ActiveCfg = Release|Any CPU
		{9893FE6E-4240-48A7-86F9-4666EB6A4BCF}.Release|Mixed Platforms.Build.0 = Release|Any CPU
		{9893FE6E-4240-48A7-86F9-4666EB6A4BCF}.Release|x86.ActiveCfg = Release|Any CPU
		{53335788-056F-4ABB-AA2F-45CE86700B43}.Debug|Any CPU.ActiveCfg = Debug|Any CPU
		{53335788-056F-4ABB-AA2F-45CE86700B43}.Debug|Any CPU.Build.0 = Debug|Any CPU
		{53335788-056F-4ABB-AA2F-45CE86700B43}.Debug|Mixed Platforms.ActiveCfg = Debug|Any CPU
		{53335788-056F-4ABB-AA2F-45CE86700B43}.Debug|Mixed Platforms.Build.0 = Debug|Any CPU
		{53335788-056F-4ABB-AA2F-45CE86700B43}.Debug|x86.ActiveCfg = Debug|Any CPU
		{53335788-056F-4ABB-AA2F-45CE86700B43}.Release|Any CPU.ActiveCfg = Release|Any CPU
		{53335788-056F-4ABB-AA2F-45CE86700B43}.Release|Any CPU.Build.0 = Release|Any CPU
		{53335788-056F-4ABB-AA2F-45CE86700B43}.Release|Mixed Platforms.ActiveCfg = Release|Any CPU
		{53335788-056F-4ABB-AA2F-45CE86700B43}.Release|Mixed Platforms.Build.0 = Release|Any CPU
		{53335788-056F-4ABB-AA2F-45CE86700B43}.Release|x86.ActiveCfg = Release|Any CPU
		{42875E48-35A8-4ADE-BB2C-897A6BBEF32C}.Debug|Any CPU.ActiveCfg = Debug|Any CPU
		{42875E48-35A8-4ADE-BB2C-897A6BBEF32C}.Debug|Any CPU.Build.0 = Debug|Any CPU
		{42875E48-35A8-4ADE-BB2C-897A6BBEF32C}.Debug|Mixed Platforms.ActiveCfg = Debug|Any CPU
		{42875E48-35A8-4ADE-BB2C-897A6BBEF32C}.Debug|Mixed Platforms.Build.0 = Debug|Any CPU
		{42875E48-35A8-4ADE-BB2C-897A6BBEF32C}.Debug|x86.ActiveCfg = Debug|Any CPU
		{42875E48-35A8-4ADE-BB2C-897A6BBEF32C}.Release|Any CPU.ActiveCfg = Release|Any CPU
		{42875E48-35A8-4ADE-BB2C-897A6BBEF32C}.Release|Any CPU.Build.0 = Release|Any CPU
		{42875E48-35A8-4ADE-BB2C-897A6BBEF32C}.Release|Mixed Platforms.ActiveCfg = Release|Any CPU
		{42875E48-35A8-4ADE-BB2C-897A6BBEF32C}.Release|Mixed Platforms.Build.0 = Release|Any CPU
		{42875E48-35A8-4ADE-BB2C-897A6BBEF32C}.Release|x86.ActiveCfg = Release|Any CPU
		{C512E98E-280B-4DC5-BA81-42915F09C017}.Debug|Any CPU.ActiveCfg = Debug|Any CPU
		{C512E98E-280B-4DC5-BA81-42915F09C017}.Debug|Any CPU.Build.0 = Debug|Any CPU
		{C512E98E-280B-4DC5-BA81-42915F09C017}.Debug|Mixed Platforms.ActiveCfg = Debug|Any CPU
		{C512E98E-280B-4DC5-BA81-42915F09C017}.Debug|Mixed Platforms.Build.0 = Debug|Any CPU
		{C512E98E-280B-4DC5-BA81-42915F09C017}.Debug|x86.ActiveCfg = Debug|Any CPU
		{C512E98E-280B-4DC5-BA81-42915F09C017}.Release|Any CPU.ActiveCfg = Release|Any CPU
		{C512E98E-280B-4DC5-BA81-42915F09C017}.Release|Any CPU.Build.0 = Release|Any CPU
		{C512E98E-280B-4DC5-BA81-42915F09C017}.Release|Mixed Platforms.ActiveCfg = Release|Any CPU
		{C512E98E-280B-4DC5-BA81-42915F09C017}.Release|Mixed Platforms.Build.0 = Release|Any CPU
		{C512E98E-280B-4DC5-BA81-42915F09C017}.Release|x86.ActiveCfg = Release|Any CPU
	EndGlobalSection
	GlobalSection(SolutionProperties) = preSolution
		HideSolutionNode = FALSE
	EndGlobalSection
	GlobalSection(NestedProjects) = preSolution
		{6158CF65-792D-42C6-9384-09809FCD6EAC} = {2348AEC8-1CB9-4AFE-91F3-8A75C4603A6B}
	EndGlobalSection
EndGlobal
